// !$*UTF8*$!
{
	archiveVersion = 1;
	classes = {
	};
	objectVersion = 46;
	objects = {

/* Begin PBXBuildFile section */
		5A6E6944CC5D61C42C1BC122 /* libPods-XifanTarget.a in Frameworks */ = {isa = PBXBuildFile; fileRef = EAE9898FB71A11C7C9EDC298 /* libPods-XifanTarget.a */; };
		A9C2A92F1E7AF8EF00A214CD /* main.m in Sources */ = {isa = PBXBuildFile; fileRef = A9C2A92E1E7AF8EF00A214CD /* main.m */; };
		A9C2A9321E7AF8EF00A214CD /* AppDelegate.m in Sources */ = {isa = PBXBuildFile; fileRef = A9C2A9311E7AF8EF00A214CD /* AppDelegate.m */; };
		A9C2A9351E7AF8EF00A214CD /* ViewController.m in Sources */ = {isa = PBXBuildFile; fileRef = A9C2A9341E7AF8EF00A214CD /* ViewController.m */; };
		A9C2A9381E7AF8EF00A214CD /* Main.storyboard in Resources */ = {isa = PBXBuildFile; fileRef = A9C2A9361E7AF8EF00A214CD /* Main.storyboard */; };
		A9C2A93A1E7AF8EF00A214CD /* Assets.xcassets in Resources */ = {isa = PBXBuildFile; fileRef = A9C2A9391E7AF8EF00A214CD /* Assets.xcassets */; };
		A9C2A93D1E7AF8EF00A214CD /* LaunchScreen.storyboard in Resources */ = {isa = PBXBuildFile; fileRef = A9C2A93B1E7AF8EF00A214CD /* LaunchScreen.storyboard */; };
		A9C2A9A01E7B04EF00A214CD /* BaseViewController.m in Sources */ = {isa = PBXBuildFile; fileRef = A9C2A96C1E7B04EF00A214CD /* BaseViewController.m */; };
		A9C2A9A11E7B04EF00A214CD /* DBUtil.m in Sources */ = {isa = PBXBuildFile; fileRef = A9C2A96F1E7B04EF00A214CD /* DBUtil.m */; };
		A9C2A9A21E7B04EF00A214CD /* NSNull+OVNatural.m in Sources */ = {isa = PBXBuildFile; fileRef = A9C2A9731E7B04EF00A214CD /* NSNull+OVNatural.m */; };
		A9C2A9A31E7B04EF00A214CD /* UIButton+CustomData.m in Sources */ = {isa = PBXBuildFile; fileRef = A9C2A9751E7B04EF00A214CD /* UIButton+CustomData.m */; };
		A9C2A9A41E7B04EF00A214CD /* UILabel+CustomData.m in Sources */ = {isa = PBXBuildFile; fileRef = A9C2A9771E7B04EF00A214CD /* UILabel+CustomData.m */; };
		A9C2A9A51E7B04EF00A214CD /* UINavigationBar+Awesome.m in Sources */ = {isa = PBXBuildFile; fileRef = A9C2A9791E7B04EF00A214CD /* UINavigationBar+Awesome.m */; };
		A9C2A9A61E7B04EF00A214CD /* UINavigationItem+CustomBackButton.m in Sources */ = {isa = PBXBuildFile; fileRef = A9C2A97B1E7B04EF00A214CD /* UINavigationItem+CustomBackButton.m */; };
		A9C2A9A71E7B04EF00A214CD /* UITabBar+Badge.m in Sources */ = {isa = PBXBuildFile; fileRef = A9C2A97D1E7B04EF00A214CD /* UITabBar+Badge.m */; };
		A9C2A9A81E7B04EF00A214CD /* UITapGestureRecognizer+CustomData.m in Sources */ = {isa = PBXBuildFile; fileRef = A9C2A97F1E7B04EF00A214CD /* UITapGestureRecognizer+CustomData.m */; };
		A9C2A9A91E7B04EF00A214CD /* UIView+Extension.m in Sources */ = {isa = PBXBuildFile; fileRef = A9C2A9811E7B04EF00A214CD /* UIView+Extension.m */; };
		A9C2A9AA1E7B04EF00A214CD /* UIViewController+BackButtonHandler.m in Sources */ = {isa = PBXBuildFile; fileRef = A9C2A9831E7B04EF00A214CD /* UIViewController+BackButtonHandler.m */; };
		A9C2A9AB1E7B04EF00A214CD /* UIViewController+CustomBackButton.m in Sources */ = {isa = PBXBuildFile; fileRef = A9C2A9851E7B04EF00A214CD /* UIViewController+CustomBackButton.m */; };
		A9C2A9AC1E7B04EF00A214CD /* UIWebView+JavaScriptAlert.m in Sources */ = {isa = PBXBuildFile; fileRef = A9C2A9871E7B04EF00A214CD /* UIWebView+JavaScriptAlert.m */; };
		A9C2A9AD1E7B04EF00A214CD /* FileOperateUtil.m in Sources */ = {isa = PBXBuildFile; fileRef = A9C2A98B1E7B04EF00A214CD /* FileOperateUtil.m */; };
		A9C2A9AE1E7B04EF00A214CD /* BaseRequestInfo.m in Sources */ = {isa = PBXBuildFile; fileRef = A9C2A98E1E7B04EF00A214CD /* BaseRequestInfo.m */; };
		A9C2A9AF1E7B04EF00A214CD /* BaseNetworkUtil.m in Sources */ = {isa = PBXBuildFile; fileRef = A9C2A9911E7B04EF00A214CD /* BaseNetworkUtil.m */; };
		A9C2A9B01E7B04EF00A214CD /* ServerUtil.m in Sources */ = {isa = PBXBuildFile; fileRef = A9C2A9931E7B04EF00A214CD /* ServerUtil.m */; };
		A9C2A9B11E7B04EF00A214CD /* ToolsUtil.m in Sources */ = {isa = PBXBuildFile; fileRef = A9C2A9981E7B04EF00A214CD /* ToolsUtil.m */; };
		A9C2A9B21E7B04EF00A214CD /* Reachability.m in Sources */ = {isa = PBXBuildFile; fileRef = A9C2A99C1E7B04EF00A214CD /* Reachability.m */; };
		A9C2A9B31E7B04EF00A214CD /* BaseCustomView.m in Sources */ = {isa = PBXBuildFile; fileRef = A9C2A99F1E7B04EF00A214CD /* BaseCustomView.m */; };
/* End PBXBuildFile section */

/* Begin PBXFileReference section */
		5931CCB378DD1FF486C9841B /* Pods-XifanTarget.release.xcconfig */ = {isa = PBXFileReference; includeInIndex = 1; lastKnownFileType = text.xcconfig; name = "Pods-XifanTarget.release.xcconfig"; path = "Pods/Target Support Files/Pods-XifanTarget/Pods-XifanTarget.release.xcconfig"; sourceTree = "<group>"; };
		7171D38BFDC87C073F14594A /* Pods-XifanTarget.debug.xcconfig */ = {isa = PBXFileReference; includeInIndex = 1; lastKnownFileType = text.xcconfig; name = "Pods-XifanTarget.debug.xcconfig"; path = "Pods/Target Support Files/Pods-XifanTarget/Pods-XifanTarget.debug.xcconfig"; sourceTree = "<group>"; };
		A9C2A92A1E7AF8EF00A214CD /* XifanTarget.app */ = {isa = PBXFileReference; explicitFileType = wrapper.application; includeInIndex = 0; path = XifanTarget.app; sourceTree = BUILT_PRODUCTS_DIR; };
		A9C2A92E1E7AF8EF00A214CD /* main.m */ = {isa = PBXFileReference; lastKnownFileType = sourcecode.c.objc; path = main.m; sourceTree = "<group>"; };
		A9C2A9301E7AF8EF00A214CD /* AppDelegate.h */ = {isa = PBXFileReference; lastKnownFileType = sourcecode.c.h; path = AppDelegate.h; sourceTree = "<group>"; };
		A9C2A9311E7AF8EF00A214CD /* AppDelegate.m */ = {isa = PBXFileReference; lastKnownFileType = sourcecode.c.objc; path = AppDelegate.m; sourceTree = "<group>"; };
		A9C2A9331E7AF8EF00A214CD /* ViewController.h */ = {isa = PBXFileReference; lastKnownFileType = sourcecode.c.h; path = ViewController.h; sourceTree = "<group>"; };
		A9C2A9341E7AF8EF00A214CD /* ViewController.m */ = {isa = PBXFileReference; lastKnownFileType = sourcecode.c.objc; path = ViewController.m; sourceTree = "<group>"; };
		A9C2A9371E7AF8EF00A214CD /* Base */ = {isa = PBXFileReference; lastKnownFileType = file.storyboard; name = Base; path = Base.lproj/Main.storyboard; sourceTree = "<group>"; };
		A9C2A9391E7AF8EF00A214CD /* Assets.xcassets */ = {isa = PBXFileReference; lastKnownFileType = folder.assetcatalog; path = Assets.xcassets; sourceTree = "<group>"; };
		A9C2A93C1E7AF8EF00A214CD /* Base */ = {isa = PBXFileReference; lastKnownFileType = file.storyboard; name = Base; path = Base.lproj/LaunchScreen.storyboard; sourceTree = "<group>"; };
		A9C2A93E1E7AF8EF00A214CD /* Info.plist */ = {isa = PBXFileReference; lastKnownFileType = text.plist.xml; path = Info.plist; sourceTree = "<group>"; };
		A9C2A9661E7B04EF00A214CD /* APIConfig.h */ = {isa = PBXFileReference; fileEncoding = 4; lastKnownFileType = sourcecode.c.h; path = APIConfig.h; sourceTree = "<group>"; };
		A9C2A9671E7B04EF00A214CD /* CommonMacro.h */ = {isa = PBXFileReference; fileEncoding = 4; lastKnownFileType = sourcecode.c.h; path = CommonMacro.h; sourceTree = "<group>"; };
		A9C2A9681E7B04EF00A214CD /* Constants.h */ = {isa = PBXFileReference; fileEncoding = 4; lastKnownFileType = sourcecode.c.h; path = Constants.h; sourceTree = "<group>"; };
		A9C2A9691E7B04EF00A214CD /* UmengConstants.h */ = {isa = PBXFileReference; fileEncoding = 4; lastKnownFileType = sourcecode.c.h; path = UmengConstants.h; sourceTree = "<group>"; };
		A9C2A96B1E7B04EF00A214CD /* BaseViewController.h */ = {isa = PBXFileReference; fileEncoding = 4; lastKnownFileType = sourcecode.c.h; path = BaseViewController.h; sourceTree = "<group>"; };
		A9C2A96C1E7B04EF00A214CD /* BaseViewController.m */ = {isa = PBXFileReference; fileEncoding = 4; lastKnownFileType = sourcecode.c.objc; path = BaseViewController.m; sourceTree = "<group>"; };
		A9C2A96E1E7B04EF00A214CD /* DBUtil.h */ = {isa = PBXFileReference; fileEncoding = 4; lastKnownFileType = sourcecode.c.h; path = DBUtil.h; sourceTree = "<group>"; };
		A9C2A96F1E7B04EF00A214CD /* DBUtil.m */ = {isa = PBXFileReference; fileEncoding = 4; lastKnownFileType = sourcecode.c.objc; path = DBUtil.m; sourceTree = "<group>"; };
		A9C2A9721E7B04EF00A214CD /* NSNull+OVNatural.h */ = {isa = PBXFileReference; fileEncoding = 4; lastKnownFileType = sourcecode.c.h; path = "NSNull+OVNatural.h"; sourceTree = "<group>"; };
		A9C2A9731E7B04EF00A214CD /* NSNull+OVNatural.m */ = {isa = PBXFileReference; fileEncoding = 4; lastKnownFileType = sourcecode.c.objc; path = "NSNull+OVNatural.m"; sourceTree = "<group>"; };
		A9C2A9741E7B04EF00A214CD /* UIButton+CustomData.h */ = {isa = PBXFileReference; fileEncoding = 4; lastKnownFileType = sourcecode.c.h; path = "UIButton+CustomData.h"; sourceTree = "<group>"; };
		A9C2A9751E7B04EF00A214CD /* UIButton+CustomData.m */ = {isa = PBXFileReference; fileEncoding = 4; lastKnownFileType = sourcecode.c.objc; path = "UIButton+CustomData.m"; sourceTree = "<group>"; };
		A9C2A9761E7B04EF00A214CD /* UILabel+CustomData.h */ = {isa = PBXFileReference; fileEncoding = 4; lastKnownFileType = sourcecode.c.h; path = "UILabel+CustomData.h"; sourceTree = "<group>"; };
		A9C2A9771E7B04EF00A214CD /* UILabel+CustomData.m */ = {isa = PBXFileReference; fileEncoding = 4; lastKnownFileType = sourcecode.c.objc; path = "UILabel+CustomData.m"; sourceTree = "<group>"; };
		A9C2A9781E7B04EF00A214CD /* UINavigationBar+Awesome.h */ = {isa = PBXFileReference; fileEncoding = 4; lastKnownFileType = sourcecode.c.h; path = "UINavigationBar+Awesome.h"; sourceTree = "<group>"; };
		A9C2A9791E7B04EF00A214CD /* UINavigationBar+Awesome.m */ = {isa = PBXFileReference; fileEncoding = 4; lastKnownFileType = sourcecode.c.objc; path = "UINavigationBar+Awesome.m"; sourceTree = "<group>"; };
		A9C2A97A1E7B04EF00A214CD /* UINavigationItem+CustomBackButton.h */ = {isa = PBXFileReference; fileEncoding = 4; lastKnownFileType = sourcecode.c.h; path = "UINavigationItem+CustomBackButton.h"; sourceTree = "<group>"; };
		A9C2A97B1E7B04EF00A214CD /* UINavigationItem+CustomBackButton.m */ = {isa = PBXFileReference; fileEncoding = 4; lastKnownFileType = sourcecode.c.objc; path = "UINavigationItem+CustomBackButton.m"; sourceTree = "<group>"; };
		A9C2A97C1E7B04EF00A214CD /* UITabBar+Badge.h */ = {isa = PBXFileReference; fileEncoding = 4; lastKnownFileType = sourcecode.c.h; path = "UITabBar+Badge.h"; sourceTree = "<group>"; };
		A9C2A97D1E7B04EF00A214CD /* UITabBar+Badge.m */ = {isa = PBXFileReference; fileEncoding = 4; lastKnownFileType = sourcecode.c.objc; path = "UITabBar+Badge.m"; sourceTree = "<group>"; };
		A9C2A97E1E7B04EF00A214CD /* UITapGestureRecognizer+CustomData.h */ = {isa = PBXFileReference; fileEncoding = 4; lastKnownFileType = sourcecode.c.h; path = "UITapGestureRecognizer+CustomData.h"; sourceTree = "<group>"; };
		A9C2A97F1E7B04EF00A214CD /* UITapGestureRecognizer+CustomData.m */ = {isa = PBXFileReference; fileEncoding = 4; lastKnownFileType = sourcecode.c.objc; path = "UITapGestureRecognizer+CustomData.m"; sourceTree = "<group>"; };
		A9C2A9801E7B04EF00A214CD /* UIView+Extension.h */ = {isa = PBXFileReference; fileEncoding = 4; lastKnownFileType = sourcecode.c.h; path = "UIView+Extension.h"; sourceTree = "<group>"; };
		A9C2A9811E7B04EF00A214CD /* UIView+Extension.m */ = {isa = PBXFileReference; fileEncoding = 4; lastKnownFileType = sourcecode.c.objc; path = "UIView+Extension.m"; sourceTree = "<group>"; };
		A9C2A9821E7B04EF00A214CD /* UIViewController+BackButtonHandler.h */ = {isa = PBXFileReference; fileEncoding = 4; lastKnownFileType = sourcecode.c.h; path = "UIViewController+BackButtonHandler.h"; sourceTree = "<group>"; };
		A9C2A9831E7B04EF00A214CD /* UIViewController+BackButtonHandler.m */ = {isa = PBXFileReference; fileEncoding = 4; lastKnownFileType = sourcecode.c.objc; path = "UIViewController+BackButtonHandler.m"; sourceTree = "<group>"; };
		A9C2A9841E7B04EF00A214CD /* UIViewController+CustomBackButton.h */ = {isa = PBXFileReference; fileEncoding = 4; lastKnownFileType = sourcecode.c.h; path = "UIViewController+CustomBackButton.h"; sourceTree = "<group>"; };
		A9C2A9851E7B04EF00A214CD /* UIViewController+CustomBackButton.m */ = {isa = PBXFileReference; fileEncoding = 4; lastKnownFileType = sourcecode.c.objc; path = "UIViewController+CustomBackButton.m"; sourceTree = "<group>"; };
		A9C2A9861E7B04EF00A214CD /* UIWebView+JavaScriptAlert.h */ = {isa = PBXFileReference; fileEncoding = 4; lastKnownFileType = sourcecode.c.h; path = "UIWebView+JavaScriptAlert.h"; sourceTree = "<group>"; };
		A9C2A9871E7B04EF00A214CD /* UIWebView+JavaScriptAlert.m */ = {isa = PBXFileReference; fileEncoding = 4; lastKnownFileType = sourcecode.c.objc; path = "UIWebView+JavaScriptAlert.m"; sourceTree = "<group>"; };
		A9C2A98A1E7B04EF00A214CD /* FileOperateUtil.h */ = {isa = PBXFileReference; fileEncoding = 4; lastKnownFileType = sourcecode.c.h; path = FileOperateUtil.h; sourceTree = "<group>"; };
		A9C2A98B1E7B04EF00A214CD /* FileOperateUtil.m */ = {isa = PBXFileReference; fileEncoding = 4; lastKnownFileType = sourcecode.c.objc; path = FileOperateUtil.m; sourceTree = "<group>"; };
		A9C2A98D1E7B04EF00A214CD /* BaseRequestInfo.h */ = {isa = PBXFileReference; fileEncoding = 4; lastKnownFileType = sourcecode.c.h; path = BaseRequestInfo.h; sourceTree = "<group>"; };
		A9C2A98E1E7B04EF00A214CD /* BaseRequestInfo.m */ = {isa = PBXFileReference; fileEncoding = 4; lastKnownFileType = sourcecode.c.objc; path = BaseRequestInfo.m; sourceTree = "<group>"; };
		A9C2A9901E7B04EF00A214CD /* BaseNetworkUtil.h */ = {isa = PBXFileReference; fileEncoding = 4; lastKnownFileType = sourcecode.c.h; path = BaseNetworkUtil.h; sourceTree = "<group>"; };
		A9C2A9911E7B04EF00A214CD /* BaseNetworkUtil.m */ = {isa = PBXFileReference; fileEncoding = 4; lastKnownFileType = sourcecode.c.objc; path = BaseNetworkUtil.m; sourceTree = "<group>"; };
		A9C2A9921E7B04EF00A214CD /* ServerUtil.h */ = {isa = PBXFileReference; fileEncoding = 4; lastKnownFileType = sourcecode.c.h; path = ServerUtil.h; sourceTree = "<group>"; };
		A9C2A9931E7B04EF00A214CD /* ServerUtil.m */ = {isa = PBXFileReference; fileEncoding = 4; lastKnownFileType = sourcecode.c.objc; path = ServerUtil.m; sourceTree = "<group>"; };
		A9C2A9971E7B04EF00A214CD /* ToolsUtil.h */ = {isa = PBXFileReference; fileEncoding = 4; lastKnownFileType = sourcecode.c.h; path = ToolsUtil.h; sourceTree = "<group>"; };
		A9C2A9981E7B04EF00A214CD /* ToolsUtil.m */ = {isa = PBXFileReference; fileEncoding = 4; lastKnownFileType = sourcecode.c.objc; path = ToolsUtil.m; sourceTree = "<group>"; };
		A9C2A99B1E7B04EF00A214CD /* Reachability.h */ = {isa = PBXFileReference; fileEncoding = 4; lastKnownFileType = sourcecode.c.h; path = Reachability.h; sourceTree = "<group>"; };
		A9C2A99C1E7B04EF00A214CD /* Reachability.m */ = {isa = PBXFileReference; fileEncoding = 4; lastKnownFileType = sourcecode.c.objc; path = Reachability.m; sourceTree = "<group>"; };
		A9C2A99E1E7B04EF00A214CD /* BaseCustomView.h */ = {isa = PBXFileReference; fileEncoding = 4; lastKnownFileType = sourcecode.c.h; path = BaseCustomView.h; sourceTree = "<group>"; };
		A9C2A99F1E7B04EF00A214CD /* BaseCustomView.m */ = {isa = PBXFileReference; fileEncoding = 4; lastKnownFileType = sourcecode.c.objc; path = BaseCustomView.m; sourceTree = "<group>"; };
		EAE9898FB71A11C7C9EDC298 /* libPods-XifanTarget.a */ = {isa = PBXFileReference; explicitFileType = archive.ar; includeInIndex = 0; path = "libPods-XifanTarget.a"; sourceTree = BUILT_PRODUCTS_DIR; };
/* End PBXFileReference section */

/* Begin PBXFrameworksBuildPhase section */
		A9C2A9271E7AF8EF00A214CD /* Frameworks */ = {
			isa = PBXFrameworksBuildPhase;
			buildActionMask = 2147483647;
			files = (
				5A6E6944CC5D61C42C1BC122 /* libPods-XifanTarget.a in Frameworks */,
			);
			runOnlyForDeploymentPostprocessing = 0;
		};
/* End PBXFrameworksBuildPhase section */

/* Begin PBXGroup section */
		5A16E53761ECE94BBD8019AE /* Frameworks */ = {
			isa = PBXGroup;
			children = (
				EAE9898FB71A11C7C9EDC298 /* libPods-XifanTarget.a */,
			);
			name = Frameworks;
			sourceTree = "<group>";
		};
		A9C2A9211E7AF8EF00A214CD = {
			isa = PBXGroup;
			children = (
				A9C2A92C1E7AF8EF00A214CD /* XifanTarget */,
				A9C2A92B1E7AF8EF00A214CD /* Products */,
				CF445A3C16BC5B159B8FFF72 /* Pods */,
				5A16E53761ECE94BBD8019AE /* Frameworks */,
			);
			sourceTree = "<group>";
		};
		A9C2A92B1E7AF8EF00A214CD /* Products */ = {
			isa = PBXGroup;
			children = (
				A9C2A92A1E7AF8EF00A214CD /* XifanTarget.app */,
			);
			name = Products;
			sourceTree = "<group>";
		};
		A9C2A92C1E7AF8EF00A214CD /* XifanTarget */ = {
			isa = PBXGroup;
			children = (
				A9C2A9651E7B04EF00A214CD /* Config */,
				A9C2A96A1E7B04EF00A214CD /* Controller */,
				A9C2A96D1E7B04EF00A214CD /* Database */,
				A9C2A9701E7B04EF00A214CD /* Ext */,
				A9C2A9891E7B04EF00A214CD /* FileManager */,
				A9C2A98C1E7B04EF00A214CD /* Model */,
				A9C2A98F1E7B04EF00A214CD /* Network */,
				A9C2A9941E7B04EF00A214CD /* Resources */,
				A9C2A9961E7B04EF00A214CD /* Util */,
				A9C2A9991E7B04EF00A214CD /* Vendor */,
				A9C2A99D1E7B04EF00A214CD /* View */,
				A9C2A9301E7AF8EF00A214CD /* AppDelegate.h */,
				A9C2A9311E7AF8EF00A214CD /* AppDelegate.m */,
				A9C2A9331E7AF8EF00A214CD /* ViewController.h */,
				A9C2A9341E7AF8EF00A214CD /* ViewController.m */,
				A9C2A9361E7AF8EF00A214CD /* Main.storyboard */,
				A9C2A9391E7AF8EF00A214CD /* Assets.xcassets */,
				A9C2A93B1E7AF8EF00A214CD /* LaunchScreen.storyboard */,
				A9C2A93E1E7AF8EF00A214CD /* Info.plist */,
				A9C2A92D1E7AF8EF00A214CD /* Supporting Files */,
			);
			path = XifanTarget;
			sourceTree = "<group>";
		};
		A9C2A92D1E7AF8EF00A214CD /* Supporting Files */ = {
			isa = PBXGroup;
			children = (
				A9C2A92E1E7AF8EF00A214CD /* main.m */,
			);
			name = "Supporting Files";
			sourceTree = "<group>";
		};
		A9C2A9651E7B04EF00A214CD /* Config */ = {
			isa = PBXGroup;
			children = (
				A9C2A9661E7B04EF00A214CD /* APIConfig.h */,
				A9C2A9671E7B04EF00A214CD /* CommonMacro.h */,
				A9C2A9681E7B04EF00A214CD /* Constants.h */,
				A9C2A9691E7B04EF00A214CD /* UmengConstants.h */,
			);
			path = Config;
			sourceTree = "<group>";
		};
		A9C2A96A1E7B04EF00A214CD /* Controller */ = {
			isa = PBXGroup;
			children = (
				A9C2A96B1E7B04EF00A214CD /* BaseViewController.h */,
				A9C2A96C1E7B04EF00A214CD /* BaseViewController.m */,
			);
			path = Controller;
			sourceTree = "<group>";
		};
		A9C2A96D1E7B04EF00A214CD /* Database */ = {
			isa = PBXGroup;
			children = (
				A9C2A96E1E7B04EF00A214CD /* DBUtil.h */,
				A9C2A96F1E7B04EF00A214CD /* DBUtil.m */,
			);
			path = Database;
			sourceTree = "<group>";
		};
		A9C2A9701E7B04EF00A214CD /* Ext */ = {
			isa = PBXGroup;
			children = (
				A9C2A9711E7B04EF00A214CD /* Category */,
				A9C2A9881E7B04EF00A214CD /* Extend */,
			);
			path = Ext;
			sourceTree = "<group>";
		};
		A9C2A9711E7B04EF00A214CD /* Category */ = {
			isa = PBXGroup;
			children = (
				A9C2A9721E7B04EF00A214CD /* NSNull+OVNatural.h */,
				A9C2A9731E7B04EF00A214CD /* NSNull+OVNatural.m */,
				A9C2A9741E7B04EF00A214CD /* UIButton+CustomData.h */,
				A9C2A9751E7B04EF00A214CD /* UIButton+CustomData.m */,
				A9C2A9761E7B04EF00A214CD /* UILabel+CustomData.h */,
				A9C2A9771E7B04EF00A214CD /* UILabel+CustomData.m */,
				A9C2A9781E7B04EF00A214CD /* UINavigationBar+Awesome.h */,
				A9C2A9791E7B04EF00A214CD /* UINavigationBar+Awesome.m */,
				A9C2A97A1E7B04EF00A214CD /* UINavigationItem+CustomBackButton.h */,
				A9C2A97B1E7B04EF00A214CD /* UINavigationItem+CustomBackButton.m */,
				A9C2A97C1E7B04EF00A214CD /* UITabBar+Badge.h */,
				A9C2A97D1E7B04EF00A214CD /* UITabBar+Badge.m */,
				A9C2A97E1E7B04EF00A214CD /* UITapGestureRecognizer+CustomData.h */,
				A9C2A97F1E7B04EF00A214CD /* UITapGestureRecognizer+CustomData.m */,
				A9C2A9801E7B04EF00A214CD /* UIView+Extension.h */,
				A9C2A9811E7B04EF00A214CD /* UIView+Extension.m */,
				A9C2A9821E7B04EF00A214CD /* UIViewController+BackButtonHandler.h */,
				A9C2A9831E7B04EF00A214CD /* UIViewController+BackButtonHandler.m */,
				A9C2A9841E7B04EF00A214CD /* UIViewController+CustomBackButton.h */,
				A9C2A9851E7B04EF00A214CD /* UIViewController+CustomBackButton.m */,
				A9C2A9861E7B04EF00A214CD /* UIWebView+JavaScriptAlert.h */,
				A9C2A9871E7B04EF00A214CD /* UIWebView+JavaScriptAlert.m */,
			);
			path = Category;
			sourceTree = "<group>";
		};
		A9C2A9881E7B04EF00A214CD /* Extend */ = {
			isa = PBXGroup;
			children = (
			);
			path = Extend;
			sourceTree = "<group>";
		};
		A9C2A9891E7B04EF00A214CD /* FileManager */ = {
			isa = PBXGroup;
			children = (
				A9C2A98A1E7B04EF00A214CD /* FileOperateUtil.h */,
				A9C2A98B1E7B04EF00A214CD /* FileOperateUtil.m */,
			);
			path = FileManager;
			sourceTree = "<group>";
		};
		A9C2A98C1E7B04EF00A214CD /* Model */ = {
			isa = PBXGroup;
			children = (
				A9C2A98D1E7B04EF00A214CD /* BaseRequestInfo.h */,
				A9C2A98E1E7B04EF00A214CD /* BaseRequestInfo.m */,
			);
			path = Model;
			sourceTree = "<group>";
		};
		A9C2A98F1E7B04EF00A214CD /* Network */ = {
			isa = PBXGroup;
			children = (
				A9C2A9901E7B04EF00A214CD /* BaseNetworkUtil.h */,
				A9C2A9911E7B04EF00A214CD /* BaseNetworkUtil.m */,
				A9C2A9921E7B04EF00A214CD /* ServerUtil.h */,
				A9C2A9931E7B04EF00A214CD /* ServerUtil.m */,
			);
			path = Network;
			sourceTree = "<group>";
		};
		A9C2A9941E7B04EF00A214CD /* Resources */ = {
			isa = PBXGroup;
			children = (
				A9C2A9951E7B04EF00A214CD /* Images */,
			);
			path = Resources;
			sourceTree = "<group>";
		};
		A9C2A9951E7B04EF00A214CD /* Images */ = {
			isa = PBXGroup;
			children = (
			);
			path = Images;
			sourceTree = "<group>";
		};
		A9C2A9961E7B04EF00A214CD /* Util */ = {
			isa = PBXGroup;
			children = (
				A9C2A9971E7B04EF00A214CD /* ToolsUtil.h */,
				A9C2A9981E7B04EF00A214CD /* ToolsUtil.m */,
			);
			path = Util;
			sourceTree = "<group>";
		};
		A9C2A9991E7B04EF00A214CD /* Vendor */ = {
			isa = PBXGroup;
			children = (
				A9C2A99A1E7B04EF00A214CD /* Reachability */,
			);
			path = Vendor;
			sourceTree = "<group>";
		};
		A9C2A99A1E7B04EF00A214CD /* Reachability */ = {
			isa = PBXGroup;
			children = (
				A9C2A99B1E7B04EF00A214CD /* Reachability.h */,
				A9C2A99C1E7B04EF00A214CD /* Reachability.m */,
			);
			path = Reachability;
			sourceTree = "<group>";
		};
		A9C2A99D1E7B04EF00A214CD /* View */ = {
			isa = PBXGroup;
			children = (
				A9C2A99E1E7B04EF00A214CD /* BaseCustomView.h */,
				A9C2A99F1E7B04EF00A214CD /* BaseCustomView.m */,
			);
			path = View;
			sourceTree = "<group>";
		};
		CF445A3C16BC5B159B8FFF72 /* Pods */ = {
			isa = PBXGroup;
			children = (
				7171D38BFDC87C073F14594A /* Pods-XifanTarget.debug.xcconfig */,
				5931CCB378DD1FF486C9841B /* Pods-XifanTarget.release.xcconfig */,
			);
			name = Pods;
			sourceTree = "<group>";
		};
/* End PBXGroup section */

/* Begin PBXNativeTarget section */
		A9C2A9291E7AF8EF00A214CD /* XifanTarget */ = {
			isa = PBXNativeTarget;
			buildConfigurationList = A9C2A9411E7AF8EF00A214CD /* Build configuration list for PBXNativeTarget "XifanTarget" */;
			buildPhases = (
				902B6F6DB97A3B333639F16E /* [CP] Check Pods Manifest.lock */,
				A9C2A9261E7AF8EF00A214CD /* Sources */,
				A9C2A9271E7AF8EF00A214CD /* Frameworks */,
				A9C2A9281E7AF8EF00A214CD /* Resources */,
				B191861CE31EE2B4E629E996 /* [CP] Embed Pods Frameworks */,
				624C0718538B9E1E65942D4C /* [CP] Copy Pods Resources */,
			);
			buildRules = (
			);
			dependencies = (
			);
			name = XifanTarget;
			productName = XifanTarget;
			productReference = A9C2A92A1E7AF8EF00A214CD /* XifanTarget.app */;
			productType = "com.apple.product-type.application";
		};
/* End PBXNativeTarget section */

/* Begin PBXProject section */
		A9C2A9221E7AF8EF00A214CD /* Project object */ = {
			isa = PBXProject;
			attributes = {
				LastUpgradeCheck = 0820;
				ORGANIZATIONNAME = zhu;
				TargetAttributes = {
					A9C2A9291E7AF8EF00A214CD = {
						CreatedOnToolsVersion = 8.2.1;
						ProvisioningStyle = Automatic;
					};
				};
			};
			buildConfigurationList = A9C2A9251E7AF8EF00A214CD /* Build configuration list for PBXProject "XifanTarget" */;
			compatibilityVersion = "Xcode 3.2";
			developmentRegion = English;
			hasScannedForEncodings = 0;
			knownRegions = (
				en,
				Base,
			);
			mainGroup = A9C2A9211E7AF8EF00A214CD;
			productRefGroup = A9C2A92B1E7AF8EF00A214CD /* Products */;
			projectDirPath = "";
			projectRoot = "";
			targets = (
				A9C2A9291E7AF8EF00A214CD /* XifanTarget */,
			);
		};
/* End PBXProject section */

/* Begin PBXResourcesBuildPhase section */
		A9C2A9281E7AF8EF00A214CD /* Resources */ = {
			isa = PBXResourcesBuildPhase;
			buildActionMask = 2147483647;
			files = (
				A9C2A93D1E7AF8EF00A214CD /* LaunchScreen.storyboard in Resources */,
				A9C2A93A1E7AF8EF00A214CD /* Assets.xcassets in Resources */,
				A9C2A9381E7AF8EF00A214CD /* Main.storyboard in Resources */,
			);
			runOnlyForDeploymentPostprocessing = 0;
		};
/* End PBXResourcesBuildPhase section */

/* Begin PBXShellScriptBuildPhase section */
		624C0718538B9E1E65942D4C /* [CP] Copy Pods Resources */ = {
			isa = PBXShellScriptBuildPhase;
			buildActionMask = 2147483647;
			files = (
			);
			inputPaths = (
			);
			name = "[CP] Copy Pods Resources";
			outputPaths = (
			);
			runOnlyForDeploymentPostprocessing = 0;
			shellPath = /bin/sh;
			shellScript = "\"${SRCROOT}/Pods/Target Support Files/Pods-XifanTarget/Pods-XifanTarget-resources.sh\"\n";
			showEnvVarsInLog = 0;
		};
		902B6F6DB97A3B333639F16E /* [CP] Check Pods Manifest.lock */ = {
			isa = PBXShellScriptBuildPhase;
			buildActionMask = 2147483647;
			files = (
			);
			inputPaths = (
			);
			name = "[CP] Check Pods Manifest.lock";
			outputPaths = (
			);
			runOnlyForDeploymentPostprocessing = 0;
			shellPath = /bin/sh;
			shellScript = "diff \"${PODS_ROOT}/../Podfile.lock\" \"${PODS_ROOT}/Manifest.lock\" > /dev/null\nif [ $? != 0 ] ; then\n    # print error to STDERR\n    echo \"error: The sandbox is not in sync with the Podfile.lock. Run 'pod install' or update your CocoaPods installation.\" >&2\n    exit 1\nfi\n";
			showEnvVarsInLog = 0;
		};
		B191861CE31EE2B4E629E996 /* [CP] Embed Pods Frameworks */ = {
			isa = PBXShellScriptBuildPhase;
			buildActionMask = 2147483647;
			files = (
			);
			inputPaths = (
			);
			name = "[CP] Embed Pods Frameworks";
			outputPaths = (
			);
			runOnlyForDeploymentPostprocessing = 0;
			shellPath = /bin/sh;
			shellScript = "\"${SRCROOT}/Pods/Target Support Files/Pods-XifanTarget/Pods-XifanTarget-frameworks.sh\"\n";
			showEnvVarsInLog = 0;
		};
/* End PBXShellScriptBuildPhase section */

/* Begin PBXSourcesBuildPhase section */
		A9C2A9261E7AF8EF00A214CD /* Sources */ = {
			isa = PBXSourcesBuildPhase;
			buildActionMask = 2147483647;
			files = (
				A9C2A9AA1E7B04EF00A214CD /* UIViewController+BackButtonHandler.m in Sources */,
				A9C2A9AD1E7B04EF00A214CD /* FileOperateUtil.m in Sources */,
				A9C2A9A11E7B04EF00A214CD /* DBUtil.m in Sources */,
				A9C2A9351E7AF8EF00A214CD /* ViewController.m in Sources */,
				A9C2A9B31E7B04EF00A214CD /* BaseCustomView.m in Sources */,
				A9C2A9A91E7B04EF00A214CD /* UIView+Extension.m in Sources */,
				A9C2A9A01E7B04EF00A214CD /* BaseViewController.m in Sources */,
				A9C2A9A31E7B04EF00A214CD /* UIButton+CustomData.m in Sources */,
				A9C2A9A71E7B04EF00A214CD /* UITabBar+Badge.m in Sources */,
				A9C2A9AC1E7B04EF00A214CD /* UIWebView+JavaScriptAlert.m in Sources */,
				A9C2A9A61E7B04EF00A214CD /* UINavigationItem+CustomBackButton.m in Sources */,
				A9C2A9AB1E7B04EF00A214CD /* UIViewController+CustomBackButton.m in Sources */,
				A9C2A9AF1E7B04EF00A214CD /* BaseNetworkUtil.m in Sources */,
				A9C2A9B01E7B04EF00A214CD /* ServerUtil.m in Sources */,
				A9C2A9A51E7B04EF00A214CD /* UINavigationBar+Awesome.m in Sources */,
				A9C2A9B21E7B04EF00A214CD /* Reachability.m in Sources */,
				A9C2A9321E7AF8EF00A214CD /* AppDelegate.m in Sources */,
				A9C2A9B11E7B04EF00A214CD /* ToolsUtil.m in Sources */,
				A9C2A9A81E7B04EF00A214CD /* UITapGestureRecognizer+CustomData.m in Sources */,
				A9C2A9AE1E7B04EF00A214CD /* BaseRequestInfo.m in Sources */,
				A9C2A9A41E7B04EF00A214CD /* UILabel+CustomData.m in Sources */,
				A9C2A9A21E7B04EF00A214CD /* NSNull+OVNatural.m in Sources */,
				A9C2A92F1E7AF8EF00A214CD /* main.m in Sources */,
			);
			runOnlyForDeploymentPostprocessing = 0;
		};
/* End PBXSourcesBuildPhase section */

/* Begin PBXVariantGroup section */
		A9C2A9361E7AF8EF00A214CD /* Main.storyboard */ = {
			isa = PBXVariantGroup;
			children = (
				A9C2A9371E7AF8EF00A214CD /* Base */,
			);
			name = Main.storyboard;
			sourceTree = "<group>";
		};
		A9C2A93B1E7AF8EF00A214CD /* LaunchScreen.storyboard */ = {
			isa = PBXVariantGroup;
			children = (
				A9C2A93C1E7AF8EF00A214CD /* Base */,
			);
			name = LaunchScreen.storyboard;
			sourceTree = "<group>";
		};
/* End PBXVariantGroup section */

/* Begin XCBuildConfiguration section */
		A9C2A93F1E7AF8EF00A214CD /* Debug */ = {
			isa = XCBuildConfiguration;
			buildSettings = {
				ALWAYS_SEARCH_USER_PATHS = NO;
				CLANG_ANALYZER_NONNULL = YES;
				CLANG_CXX_LANGUAGE_STANDARD = "gnu++0x";
				CLANG_CXX_LIBRARY = "libc++";
				CLANG_ENABLE_MODULES = YES;
				CLANG_ENABLE_OBJC_ARC = YES;
				CLANG_WARN_BOOL_CONVERSION = YES;
				CLANG_WARN_CONSTANT_CONVERSION = YES;
				CLANG_WARN_DIRECT_OBJC_ISA_USAGE = YES_ERROR;
				CLANG_WARN_DOCUMENTATION_COMMENTS = YES;
				CLANG_WARN_EMPTY_BODY = YES;
				CLANG_WARN_ENUM_CONVERSION = YES;
				CLANG_WARN_INFINITE_RECURSION = YES;
				CLANG_WARN_INT_CONVERSION = YES;
				CLANG_WARN_OBJC_ROOT_CLASS = YES_ERROR;
				CLANG_WARN_SUSPICIOUS_MOVE = YES;
				CLANG_WARN_UNREACHABLE_CODE = YES;
				CLANG_WARN__DUPLICATE_METHOD_MATCH = YES;
				"CODE_SIGN_IDENTITY[sdk=iphoneos*]" = "iPhone Developer";
				COPY_PHASE_STRIP = NO;
				DEBUG_INFORMATION_FORMAT = dwarf;
				ENABLE_STRICT_OBJC_MSGSEND = YES;
				ENABLE_TESTABILITY = YES;
				GCC_C_LANGUAGE_STANDARD = gnu99;
				GCC_DYNAMIC_NO_PIC = NO;
				GCC_NO_COMMON_BLOCKS = YES;
				GCC_OPTIMIZATION_LEVEL = 0;
				GCC_PREPROCESSOR_DEFINITIONS = (
					"DEBUG=1",
					"$(inherited)",
				);
				GCC_WARN_64_TO_32_BIT_CONVERSION = YES;
				GCC_WARN_ABOUT_RETURN_TYPE = YES_ERROR;
				GCC_WARN_UNDECLARED_SELECTOR = YES;
				GCC_WARN_UNINITIALIZED_AUTOS = YES_AGGRESSIVE;
				GCC_WARN_UNUSED_FUNCTION = YES;
				GCC_WARN_UNUSED_VARIABLE = YES;
				IPHONEOS_DEPLOYMENT_TARGET = 10.2;
				MTL_ENABLE_DEBUG_INFO = YES;
				ONLY_ACTIVE_ARCH = YES;
				SDKROOT = iphoneos;
				TARGETED_DEVICE_FAMILY = "1,2";
			};
			name = Debug;
		};
		A9C2A9401E7AF8EF00A214CD /* Release */ = {
			isa = XCBuildConfiguration;
			buildSettings = {
				ALWAYS_SEARCH_USER_PATHS = NO;
				CLANG_ANALYZER_NONNULL = YES;
				CLANG_CXX_LANGUAGE_STANDARD = "gnu++0x";
				CLANG_CXX_LIBRARY = "libc++";
				CLANG_ENABLE_MODULES = YES;
				CLANG_ENABLE_OBJC_ARC = YES;
				CLANG_WARN_BOOL_CONVERSION = YES;
				CLANG_WARN_CONSTANT_CONVERSION = YES;
				CLANG_WARN_DIRECT_OBJC_ISA_USAGE = YES_ERROR;
				CLANG_WARN_DOCUMENTATION_COMMENTS = YES;
				CLANG_WARN_EMPTY_BODY = YES;
				CLANG_WARN_ENUM_CONVERSION = YES;
				CLANG_WARN_INFINITE_RECURSION = YES;
				CLANG_WARN_INT_CONVERSION = YES;
				CLANG_WARN_OBJC_ROOT_CLASS = YES_ERROR;
				CLANG_WARN_SUSPICIOUS_MOVE = YES;
				CLANG_WARN_UNREACHABLE_CODE = YES;
				CLANG_WARN__DUPLICATE_METHOD_MATCH = YES;
				"CODE_SIGN_IDENTITY[sdk=iphoneos*]" = "iPhone Developer";
				COPY_PHASE_STRIP = NO;
				DEBUG_INFORMATION_FORMAT = "dwarf-with-dsym";
				ENABLE_NS_ASSERTIONS = NO;
				ENABLE_STRICT_OBJC_MSGSEND = YES;
				GCC_C_LANGUAGE_STANDARD = gnu99;
				GCC_NO_COMMON_BLOCKS = YES;
				GCC_WARN_64_TO_32_BIT_CONVERSION = YES;
				GCC_WARN_ABOUT_RETURN_TYPE = YES_ERROR;
				GCC_WARN_UNDECLARED_SELECTOR = YES;
				GCC_WARN_UNINITIALIZED_AUTOS = YES_AGGRESSIVE;
				GCC_WARN_UNUSED_FUNCTION = YES;
				GCC_WARN_UNUSED_VARIABLE = YES;
				IPHONEOS_DEPLOYMENT_TARGET = 10.2;
				MTL_ENABLE_DEBUG_INFO = NO;
				SDKROOT = iphoneos;
				TARGETED_DEVICE_FAMILY = "1,2";
				VALIDATE_PRODUCT = YES;
			};
			name = Release;
		};
		A9C2A9421E7AF8EF00A214CD /* Debug */ = {
			isa = XCBuildConfiguration;
			baseConfigurationReference = 7171D38BFDC87C073F14594A /* Pods-XifanTarget.debug.xcconfig */;
			buildSettings = {
				ASSETCATALOG_COMPILER_APPICON_NAME = AppIcon;
				INFOPLIST_FILE = XifanTarget/Info.plist;
				LD_RUNPATH_SEARCH_PATHS = "$(inherited) @executable_path/Frameworks";
				PRODUCT_BUNDLE_IDENTIFIER = xifanii.XifanTarget;
				PRODUCT_NAME = "$(TARGET_NAME)";
			};
			name = Debug;
		};
		A9C2A9431E7AF8EF00A214CD /* Release */ = {
			isa = XCBuildConfiguration;
			baseConfigurationReference = 5931CCB378DD1FF486C9841B /* Pods-XifanTarget.release.xcconfig */;
			buildSettings = {
				ASSETCATALOG_COMPILER_APPICON_NAME = AppIcon;
				INFOPLIST_FILE = XifanTarget/Info.plist;
				LD_RUNPATH_SEARCH_PATHS = "$(inherited) @executable_path/Frameworks";
				PRODUCT_BUNDLE_IDENTIFIER = xifanii.XifanTarget;
				PRODUCT_NAME = "$(TARGET_NAME)";
			};
			name = Release;
		};
/* End XCBuildConfiguration section */

/* Begin XCConfigurationList section */
		A9C2A9251E7AF8EF00A214CD /* Build configuration list for PBXProject "XifanTarget" */ = {
			isa = XCConfigurationList;
			buildConfigurations = (
				A9C2A93F1E7AF8EF00A214CD /* Debug */,
				A9C2A9401E7AF8EF00A214CD /* Release */,
			);
			defaultConfigurationIsVisible = 0;
			defaultConfigurationName = Release;
		};
		A9C2A9411E7AF8EF00A214CD /* Build configuration list for PBXNativeTarget "XifanTarget" */ = {
			isa = XCConfigurationList;
			buildConfigurations = (
				A9C2A9421E7AF8EF00A214CD /* Debug */,
				A9C2A9431E7AF8EF00A214CD /* Release */,
			);
			defaultConfigurationIsVisible = 0;
			defaultConfigurationName = Release;
		};
/* End XCConfigurationList section */
	};
	rootObject = A9C2A9221E7AF8EF00A214CD /* Project object */;
}
